// !$*UTF8*$!
{
	archiveVersion = 1;
	classes = {
	};
	objectVersion = 46;
	objects = {

/* Begin PBXBuildFile section */
		BFC6C80B1DFE2A5C0099CB00 /* AppDelegate.swift in Sources */ = {isa = PBXBuildFile; fileRef = BFC6C80A1DFE2A5C0099CB00 /* AppDelegate.swift */; };
		BFC6C80D1DFE2A5C0099CB00 /* ViewController.swift in Sources */ = {isa = PBXBuildFile; fileRef = BFC6C80C1DFE2A5C0099CB00 /* ViewController.swift */; };
		BFC6C8101DFE2A5C0099CB00 /* Main.storyboard in Resources */ = {isa = PBXBuildFile; fileRef = BFC6C80E1DFE2A5C0099CB00 /* Main.storyboard */; };
		BFC6C8121DFE2A5C0099CB00 /* Assets.xcassets in Resources */ = {isa = PBXBuildFile; fileRef = BFC6C8111DFE2A5C0099CB00 /* Assets.xcassets */; };
		BFC6C8151DFE2A5C0099CB00 /* LaunchScreen.storyboard in Resources */ = {isa = PBXBuildFile; fileRef = BFC6C8131DFE2A5C0099CB00 /* LaunchScreen.storyboard */; };
/* End PBXBuildFile section */

/* Begin PBXFileReference section */
		BFC6C8071DFE2A5C0099CB00 /* FourPicturesGuessWord.app */ = {isa = PBXFileReference; explicitFileType = wrapper.application; includeInIndex = 0; path = FourPicturesGuessWord.app; sourceTree = BUILT_PRODUCTS_DIR; };
		BFC6C80A1DFE2A5C0099CB00 /* AppDelegate.swift */ = {isa = PBXFileReference; lastKnownFileType = sourcecode.swift; path = AppDelegate.swift; sourceTree = "<group>"; };
		BFC6C80C1DFE2A5C0099CB00 /* ViewController.swift */ = {isa = PBXFileReference; lastKnownFileType = sourcecode.swift; path = ViewController.swift; sourceTree = "<group>"; };
		BFC6C80F1DFE2A5C0099CB00 /* Base */ = {isa = PBXFileReference; lastKnownFileType = file.storyboard; name = Base; path = Base.lproj/Main.storyboard; sourceTree = "<group>"; };
		BFC6C8111DFE2A5C0099CB00 /* Assets.xcassets */ = {isa = PBXFileReference; lastKnownFileType = folder.assetcatalog; path = Assets.xcassets; sourceTree = "<group>"; };
		BFC6C8141DFE2A5C0099CB00 /* Base */ = {isa = PBXFileReference; lastKnownFileType = file.storyboard; name = Base; path = Base.lproj/LaunchScreen.storyboard; sourceTree = "<group>"; };
		BFC6C8161DFE2A5C0099CB00 /* Info.plist */ = {isa = PBXFileReference; lastKnownFileType = text.plist.xml; path = Info.plist; sourceTree = "<group>"; };
/* End PBXFileReference section */

/* Begin PBXFrameworksBuildPhase section */
		BFC6C8041DFE2A5C0099CB00 /* Frameworks */ = {
			isa = PBXFrameworksBuildPhase;
			buildActionMask = 2147483647;
			files = (
			);
			runOnlyForDeploymentPostprocessing = 0;
		};
/* End PBXFrameworksBuildPhase section */

/* Begin PBXGroup section */
		BFC6C7FE1DFE2A5C0099CB00 = {
			isa = PBXGroup;
			children = (
				BFC6C8091DFE2A5C0099CB00 /* FourPicturesGuessWord */,
				BFC6C8081DFE2A5C0099CB00 /* Products */,
			);
			sourceTree = "<group>";
		};
		BFC6C8081DFE2A5C0099CB00 /* Products */ = {
			isa = PBXGroup;
			children = (
				BFC6C8071DFE2A5C0099CB00 /* FourPicturesGuessWord.app */,
			);
			name = Products;
			sourceTree = "<group>";
		};
		BFC6C8091DFE2A5C0099CB00 /* FourPicturesGuessWord */ = {
			isa = PBXGroup;
			children = (
				BFC6C80A1DFE2A5C0099CB00 /* AppDelegate.swift */,
				BFC6C80C1DFE2A5C0099CB00 /* ViewController.swift */,
				BFC6C80E1DFE2A5C0099CB00 /* Main.storyboard */,
				BFC6C8111DFE2A5C0099CB00 /* Assets.xcassets */,
				BFC6C8131DFE2A5C0099CB00 /* LaunchScreen.storyboard */,
				BFC6C8161DFE2A5C0099CB00 /* Info.plist */,
			);
			path = FourPicturesGuessWord;
			sourceTree = "<group>";
		};
/* End PBXGroup section */

/* Begin PBXNativeTarget section */
		BFC6C8061DFE2A5C0099CB00 /* FourPicturesGuessWord */ = {
			isa = PBXNativeTarget;
			buildConfigurationList = BFC6C8191DFE2A5C0099CB00 /* Build configuration list for PBXNativeTarget "FourPicturesGuessWord" */;
			buildPhases = (
				BFC6C8031DFE2A5C0099CB00 /* Sources */,
				BFC6C8041DFE2A5C0099CB00 /* Frameworks */,
				BFC6C8051DFE2A5C0099CB00 /* Resources */,
			);
			buildRules = (
			);
			dependencies = (
			);
			name = FourPicturesGuessWord;
			productName = FourPicturesGuessWord;
			productReference = BFC6C8071DFE2A5C0099CB00 /* FourPicturesGuessWord.app */;
			productType = "com.apple.product-type.application";
		};
/* End PBXNativeTarget section */

/* Begin PBXProject section */
		BFC6C7FF1DFE2A5C0099CB00 /* Project object */ = {
			isa = PBXProject;
			attributes = {
				LastSwiftUpdateCheck = 0810;
				LastUpgradeCheck = 0810;
				ORGANIZATIONNAME = Temkos;
				TargetAttributes = {
					BFC6C8061DFE2A5C0099CB00 = {
						CreatedOnToolsVersion = 8.1;
						DevelopmentTeam = 4Q5YYL9WMS;
						ProvisioningStyle = Automatic;
					};
				};
			};
			buildConfigurationList = BFC6C8021DFE2A5C0099CB00 /* Build configuration list for PBXProject "FourPicturesGuessWord" */;
			compatibilityVersion = "Xcode 3.2";
			developmentRegion = English;
			hasScannedForEncodings = 0;
			knownRegions = (
				en,
				Base,
			);
			mainGroup = BFC6C7FE1DFE2A5C0099CB00;
			productRefGroup = BFC6C8081DFE2A5C0099CB00 /* Products */;
			projectDirPath = "";
			projectRoot = "";
			targets = (
				BFC6C8061DFE2A5C0099CB00 /* FourPicturesGuessWord */,
			);
		};
/* End PBXProject section */

/* Begin PBXResourcesBuildPhase section */
		BFC6C8051DFE2A5C0099CB00 /* Resources */ = {
			isa = PBXResourcesBuildPhase;
			buildActionMask = 2147483647;
			files = (
				BFC6C8151DFE2A5C0099CB00 /* LaunchScreen.storyboard in Resources */,
				BFC6C8121DFE2A5C0099CB00 /* Assets.xcassets in Resources */,
				BFC6C8101DFE2A5C0099CB00 /* Main.storyboard in Resources */,
			);
			runOnlyForDeploymentPostprocessing = 0;
		};
/* End PBXResourcesBuildPhase section */

/* Begin PBXSourcesBuildPhase section */
		BFC6C8031DFE2A5C0099CB00 /* Sources */ = {
			isa = PBXSourcesBuildPhase;
			buildActionMask = 2147483647;
			files = (
				BFC6C80D1DFE2A5C0099CB00 /* ViewController.swift in Sources */,
				BFC6C80B1DFE2A5C0099CB00 /* AppDelegate.swift in Sources */,
			);
			runOnlyForDeploymentPostprocessing = 0;
		};
/* End PBXSourcesBuildPhase section */

/* Begin PBXVariantGroup section */
		BFC6C80E1DFE2A5C0099CB00 /* Main.storyboard */ = {
			isa = PBXVariantGroup;
			children = (
				BFC6C80F1DFE2A5C0099CB00 /* Base */,
			);
			name = Main.storyboard;
			sourceTree = "<group>";
		};
		BFC6C8131DFE2A5C0099CB00 /* LaunchScreen.storyboard */ = {
			isa = PBXVariantGroup;
			children = (
				BFC6C8141DFE2A5C0099CB00 /* Base */,
			);
			name = LaunchScreen.storyboard;
			sourceTree = "<group>";
		};
/* End PBXVariantGroup section */

/* Begin XCBuildConfiguration section */
		BFC6C8171DFE2A5C0099CB00 /* Debug */ = {
			isa = XCBuildConfiguration;
			buildSettings = {
				ALWAYS_SEARCH_USER_PATHS = NO;
				CLANG_ANALYZER_NONNULL = YES;
				CLANG_CXX_LANGUAGE_STANDARD = "gnu++0x";
				CLANG_CXX_LIBRARY = "libc++";
				CLANG_ENABLE_MODULES = YES;
				CLANG_ENABLE_OBJC_ARC = YES;
				CLANG_WARN_BOOL_CONVERSION = YES;
				CLANG_WARN_CONSTANT_CONVERSION = YES;
				CLANG_WARN_DIRECT_OBJC_ISA_USAGE = YES_ERROR;
				CLANG_WARN_DOCUMENTATION_COMMENTS = YES;
				CLANG_WARN_EMPTY_BODY = YES;
				CLANG_WARN_ENUM_CONVERSION = YES;
				CLANG_WARN_INFINITE_RECURSION = YES;
				CLANG_WARN_INT_CONVERSION = YES;
				CLANG_WARN_OBJC_ROOT_CLASS = YES_ERROR;
				CLANG_WARN_SUSPICIOUS_MOVES = YES;
				CLANG_WARN_UNREACHABLE_CODE = YES;
				CLANG_WARN__DUPLICATE_METHOD_MATCH = YES;
				"CODE_SIGN_IDENTITY[sdk=iphoneos*]" = "iPhone Developer";
				COPY_PHASE_STRIP = NO;
				DEBUG_INFORMATION_FORMAT = dwarf;
				ENABLE_STRICT_OBJC_MSGSEND = YES;
				ENABLE_TESTABILITY = YES;
				GCC_C_LANGUAGE_STANDARD = gnu99;
				GCC_DYNAMIC_NO_PIC = NO;
				GCC_NO_COMMON_BLOCKS = YES;
				GCC_OPTIMIZATION_LEVEL = 0;
				GCC_PREPROCESSOR_DEFINITIONS = (
					"DEBUG=1",
					"$(inherited)",
				);
				GCC_WARN_64_TO_32_BIT_CONVERSION = YES;
				GCC_WARN_ABOUT_RETURN_TYPE = YES_ERROR;
				GCC_WARN_UNDECLARED_SELECTOR = YES;
				GCC_WARN_UNINITIALIZED_AUTOS = YES_AGGRESSIVE;
				GCC_WARN_UNUSED_FUNCTION = YES;
				GCC_WARN_UNUSED_VARIABLE = YES;
				IPHONEOS_DEPLOYMENT_TARGET = 10.1;
				MTL_ENABLE_DEBUG_INFO = YES;
				ONLY_ACTIVE_ARCH = YES;
				SDKROOT = iphoneos;
				SWIFT_ACTIVE_COMPILATION_CONDITIONS = DEBUG;
				SWIFT_OPTIMIZATION_LEVEL = "-Onone";
			};
			name = Debug;
		};
		BFC6C8181DFE2A5C0099CB00 /* Release */ = {
			isa = XCBuildConfiguration;
			buildSettings = {
				ALWAYS_SEARCH_USER_PATHS = NO;
				CLANG_ANALYZER_NONNULL = YES;
				CLANG_CXX_LANGUAGE_STANDARD = "gnu++0x";
				CLANG_CXX_LIBRARY = "libc++";
				CLANG_ENABLE_MODULES = YES;
				CLANG_ENABLE_OBJC_ARC = YES;
				CLANG_WARN_BOOL_CONVERSION = YES;
				CLANG_WARN_CONSTANT_CONVERSION = YES;
				CLANG_WARN_DIRECT_OBJC_ISA_USAGE = YES_ERROR;
				CLANG_WARN_DOCUMENTATION_COMMENTS = YES;
				CLANG_WARN_EMPTY_BODY = YES;
				CLANG_WARN_ENUM_CONVERSION = YES;
				CLANG_WARN_INFINITE_RECURSION = YES;
				CLANG_WARN_INT_CONVERSION = YES;
				CLANG_WARN_OBJC_ROOT_CLASS = YES_ERROR;
				CLANG_WARN_SUSPICIOUS_MOVES = YES;
				CLANG_WARN_UNREACHABLE_CODE = YES;
				CLANG_WARN__DUPLICATE_METHOD_MATCH = YES;
				"CODE_SIGN_IDENTITY[sdk=iphoneos*]" = "iPhone Developer";
				COPY_PHASE_STRIP = NO;
				DEBUG_INFORMATION_FORMAT = "dwarf-with-dsym";
				ENABLE_NS_ASSERTIONS = NO;
				ENABLE_STRICT_OBJC_MSGSEND = YES;
				GCC_C_LANGUAGE_STANDARD = gnu99;
				GCC_NO_COMMON_BLOCKS = YES;
				GCC_WARN_64_TO_32_BIT_CONVERSION = YES;
				GCC_WARN_ABOUT_RETURN_TYPE = YES_ERROR;
				GCC_WARN_UNDECLARED_SELECTOR = YES;
				GCC_WARN_UNINITIALIZED_AUTOS = YES_AGGRESSIVE;
				GCC_WARN_UNUSED_FUNCTION = YES;
				GCC_WARN_UNUSED_VARIABLE = YES;
				IPHONEOS_DEPLOYMENT_TARGET = 10.1;
				MTL_ENABLE_DEBUG_INFO = NO;
				SDKROOT = iphoneos;
				SWIFT_OPTIMIZATION_LEVEL = "-Owholemodule";
				VALIDATE_PRODUCT = YES;
			};
			name = Release;
		};
		BFC6C81A1DFE2A5C0099CB00 /* Debug */ = {
			isa = XCBuildConfiguration;
			buildSettings = {
				ASSETCATALOG_COMPILER_APPICON_NAME = AppIcon;
				DEVELOPMENT_TEAM = 4Q5YYL9WMS;
				INFOPLIST_FILE = FourPicturesGuessWord/Info.plist;
				LD_RUNPATH_SEARCH_PATHS = "$(inherited) @executable_path/Frameworks";
				PRODUCT_BUNDLE_IDENTIFIER = com.Temkos.FourPicturesGuessWord;
				PRODUCT_NAME = "$(TARGET_NAME)";
				SWIFT_VERSION = 3.0;
			};
			name = Debug;
		};
		BFC6C81B1DFE2A5C0099CB00 /* Release */ = {
			isa = XCBuildConfiguration;
			buildSettings = {
				ASSETCATALOG_COMPILER_APPICON_NAME = AppIcon;
				DEVELOPMENT_TEAM = 4Q5YYL9WMS;
				INFOPLIST_FILE = FourPicturesGuessWord/Info.plist;
				LD_RUNPATH_SEARCH_PATHS = "$(inherited) @executable_path/Frameworks";
				PRODUCT_BUNDLE_IDENTIFIER = com.Temkos.FourPicturesGuessWord;
				PRODUCT_NAME = "$(TARGET_NAME)";
				SWIFT_VERSION = 3.0;
			};
			name = Release;
		};
/* End XCBuildConfiguration section */

/* Begin XCConfigurationList section */
		BFC6C8021DFE2A5C0099CB00 /* Build configuration list for PBXProject "FourPicturesGuessWord" */ = {
			isa = XCConfigurationList;
			buildConfigurations = (
				BFC6C8171DFE2A5C0099CB00 /* Debug */,
				BFC6C8181DFE2A5C0099CB00 /* Release */,
			);
			defaultConfigurationIsVisible = 0;
			defaultConfigurationName = Release;
		};
		BFC6C8191DFE2A5C0099CB00 /* Build configuration list for PBXNativeTarget "FourPicturesGuessWord" */ = {
			isa = XCConfigurationList;
			buildConfigurations = (
				BFC6C81A1DFE2A5C0099CB00 /* Debug */,
				BFC6C81B1DFE2A5C0099CB00 /* Release */,
			);
			defaultConfigurationIsVisible = 0;
		};
/* End XCConfigurationList section */
	};
	rootObject = BFC6C7FF1DFE2A5C0099CB00 /* Project object */;
}
