PODS:
  - SAMKeychain (1.5.2)
  - SVProgressHUD (2.1.2)

DEPENDENCIES:
  - SAMKeychain (~> 1.5.2)
  - SVProgressHUD (~> 2.1.2)

SPEC CHECKSUMS:
  SAMKeychain: 1865333198217411f35327e8da61b43de79b635b
  SVProgressHUD: c404a55d78acbeb7ebb78b76d3faf986475a6994

PODFILE CHECKSUM: b0a6e68c43f0d61784c979bbb0a408b21fcf8f4c

COCOAPODS: 1.2.0
